// !$*UTF8*$!
{
	archiveVersion = 1;
	classes = {
	};
	objectVersion = 46;
	objects = {

/* Begin PBXBuildFile section */
		2356E501194E7634009BE67A /* McAllen Logo.jpg in Resources */ = {isa = PBXBuildFile; fileRef = 2356E4FF194E7634009BE67A /* McAllen Logo.jpg */; };
		2356E502194E7634009BE67A /* South-Padre-Island-logo1.jpg in Resources */ = {isa = PBXBuildFile; fileRef = 2356E500194E7634009BE67A /* South-Padre-Island-logo1.jpg */; };
		2356E504194E7676009BE67A /* edinburg.jpg in Resources */ = {isa = PBXBuildFile; fileRef = 2356E503194E7676009BE67A /* edinburg.jpg */; };
		2356E506194E7EDF009BE67A /* cityofedinburg-logo-final.jpg in Resources */ = {isa = PBXBuildFile; fileRef = 2356E505194E7EDF009BE67A /* cityofedinburg-logo-final.jpg */; };
		6A678BC61951E16B0003B1C0 /* MessageUI.framework in Frameworks */ = {isa = PBXBuildFile; fileRef = 6A678BC51951E16B0003B1C0 /* MessageUI.framework */; };
		6A678BCA1951E2420003B1C0 /* emailIcon.png in Resources */ = {isa = PBXBuildFile; fileRef = 6A678BC91951E2420003B1C0 /* emailIcon.png */; };
		6A678BCC1951E6E20003B1C0 /* splash6401136.png in Resources */ = {isa = PBXBuildFile; fileRef = 6A678BCB1951E6E20003B1C0 /* splash6401136.png */; };
		C70623351909FB8400FC47F4 /* RGVimg.jpg in Resources */ = {isa = PBXBuildFile; fileRef = C70623341909FB8400FC47F4 /* RGVimg.jpg */; };
		C7062337190A035B00FC47F4 /* TexasLyceum logo.jpg in Resources */ = {isa = PBXBuildFile; fileRef = C7062336190A035B00FC47F4 /* TexasLyceum logo.jpg */; };
		C706233A190B1BE600FC47F4 /* schedule2.png in Resources */ = {isa = PBXBuildFile; fileRef = C7062338190B1BE600FC47F4 /* schedule2.png */; };
		C706233B190B1BE600FC47F4 /* schedule3.png in Resources */ = {isa = PBXBuildFile; fileRef = C7062339190B1BE600FC47F4 /* schedule3.png */; };
		C7062341190B666E00FC47F4 /* arrowItem.png in Resources */ = {isa = PBXBuildFile; fileRef = C706233C190B666E00FC47F4 /* arrowItem.png */; };
		C7062342190B666E00FC47F4 /* scheduleItem1.png in Resources */ = {isa = PBXBuildFile; fileRef = C706233D190B666E00FC47F4 /* scheduleItem1.png */; };
		C7062343190B666E00FC47F4 /* scheduleItem2.png in Resources */ = {isa = PBXBuildFile; fileRef = C706233E190B666E00FC47F4 /* scheduleItem2.png */; };
		C7062344190B666E00FC47F4 /* scheduleItem3.png in Resources */ = {isa = PBXBuildFile; fileRef = C706233F190B666E00FC47F4 /* scheduleItem3.png */; };
		C7062345190B666E00FC47F4 /* scheduleNew.png in Resources */ = {isa = PBXBuildFile; fileRef = C7062340190B666E00FC47F4 /* scheduleNew.png */; };
		C71879FB19522C7D007950EF /* dr king screen.jpg in Resources */ = {isa = PBXBuildFile; fileRef = C71879FA19522C7D007950EF /* dr king screen.jpg */; };
		C73FE66A19574B6300F4C967 /* babysitter.png in Resources */ = {isa = PBXBuildFile; fileRef = C73FE66919574B6300F4C967 /* babysitter.png */; };
		C73FE66E1957521E00F4C967 /* MissionChamberOfCommerce2.png in Resources */ = {isa = PBXBuildFile; fileRef = C73FE66C1957521E00F4C967 /* MissionChamberOfCommerce2.png */; };
		C73FE66F1957521E00F4C967 /* pharr-logo.png in Resources */ = {isa = PBXBuildFile; fileRef = C73FE66D1957521E00F4C967 /* pharr-logo.png */; };
		C73FE6721957867A00F4C967 /* care-logo-tagline-transp-265.png in Resources */ = {isa = PBXBuildFile; fileRef = C73FE6701957867A00F4C967 /* care-logo-tagline-transp-265.png */; };
		C73FE6731957867A00F4C967 /* sitterCity.jpg in Resources */ = {isa = PBXBuildFile; fileRef = C73FE6711957867A00F4C967 /* sitterCity.jpg */; };
		C73FE6791957D2E500F4C967 /* arrow-left.png in Resources */ = {isa = PBXBuildFile; fileRef = C73FE6741957D2E500F4C967 /* arrow-left.png */; };
		C73FE67A1957D2E500F4C967 /* arrow-right.png in Resources */ = {isa = PBXBuildFile; fileRef = C73FE6751957D2E500F4C967 /* arrow-right.png */; };
		C73FE67B1957D2E500F4C967 /* check-false.png in Resources */ = {isa = PBXBuildFile; fileRef = C73FE6761957D2E500F4C967 /* check-false.png */; };
		C73FE67C1957D2E500F4C967 /* home.png in Resources */ = {isa = PBXBuildFile; fileRef = C73FE6771957D2E500F4C967 /* home.png */; };
		C73FE67D1957D2E500F4C967 /* resend.png in Resources */ = {isa = PBXBuildFile; fileRef = C73FE6781957D2E500F4C967 /* resend.png */; };
		C73FE67F19587DAB00F4C967 /* planning-icon-large.png in Resources */ = {isa = PBXBuildFile; fileRef = C73FE67E19587DAB00F4C967 /* planning-icon-large.png */; };
		C73FE68119587E6800F4C967 /* contactIcon.png in Resources */ = {isa = PBXBuildFile; fileRef = C73FE68019587E6800F4C967 /* contactIcon.png */; };
		C7525C66195E0233004DFE93 /* Texas Lyceum Logo New.jpg in Resources */ = {isa = PBXBuildFile; fileRef = C7525C65195E0233004DFE93 /* Texas Lyceum Logo New.jpg */; };
		C7525C691960EF67004DFE93 /* facebook-icon.png in Resources */ = {isa = PBXBuildFile; fileRef = C7525C671960EF67004DFE93 /* facebook-icon.png */; };
		C7525C6A1960EF67004DFE93 /* twitter-logo-icon-by-jon-bennallick-02.png in Resources */ = {isa = PBXBuildFile; fileRef = C7525C681960EF67004DFE93 /* twitter-logo-icon-by-jon-bennallick-02.png */; };
		C752EB9D1957295400577F85 /* SpeakerTabBar.jpg in Resources */ = {isa = PBXBuildFile; fileRef = C752EB9C1957295400577F85 /* SpeakerTabBar.jpg */; };
		C752EB9F195729C700577F85 /* man.png in Resources */ = {isa = PBXBuildFile; fileRef = C752EB9E195729C700577F85 /* man.png */; };
		C752EBA11957336300577F85 /* globeIcon.png in Resources */ = {isa = PBXBuildFile; fileRef = C752EBA01957336300577F85 /* globeIcon.png */; };
		C76156FF195112FB00C5132D /* MunecaRanch.JPG in Resources */ = {isa = PBXBuildFile; fileRef = C76156FE195112FB00C5132D /* MunecaRanch.JPG */; };
		C787BA801943DA6C00639A59 /* MapPin.m in Sources */ = {isa = PBXBuildFile; fileRef = C787BA7F1943DA6C00639A59 /* MapPin.m */; };
		C789D63B1943AD3900C945CA /* MapKit.framework in Frameworks */ = {isa = PBXBuildFile; fileRef = C789D63A1943AD3900C945CA /* MapKit.framework */; };
		C792D19F191B19BB0021C82C /* About.png in Resources */ = {isa = PBXBuildFile; fileRef = C792D19D191B19BB0021C82C /* About.png */; };
		C792D1A0191B19BB0021C82C /* Speaker.jpg in Resources */ = {isa = PBXBuildFile; fileRef = C792D19E191B19BB0021C82C /* Speaker.jpg */; };
		C795C24B1946285300F07B8D /* CoreLocation.framework in Frameworks */ = {isa = PBXBuildFile; fileRef = C795C24A1946285300F07B8D /* CoreLocation.framework */; };
		C796F9B21906108F00C8820F /* schedule.png in Resources */ = {isa = PBXBuildFile; fileRef = C796F9B11906108F00C8820F /* schedule.png */; };
		C799DA4F1918A064002E2F60 /* Me Morp.jpg in Resources */ = {isa = PBXBuildFile; fileRef = C799DA4E1918A064002E2F60 /* Me Morp.jpg */; };
		C799DA511918A2A2002E2F60 /* house@2x.png in Resources */ = {isa = PBXBuildFile; fileRef = C799DA501918A2A2002E2F60 /* house@2x.png */; };
		C799DA531918A35E002E2F60 /* globe@2x.png in Resources */ = {isa = PBXBuildFile; fileRef = C799DA521918A35E002E2F60 /* globe@2x.png */; };
		C799DA551918A3D1002E2F60 /* calendar.png in Resources */ = {isa = PBXBuildFile; fileRef = C799DA541918A3D1002E2F60 /* calendar.png */; };
		C799DA571918A553002E2F60 /* briefcase.png in Resources */ = {isa = PBXBuildFile; fileRef = C799DA561918A553002E2F60 /* briefcase.png */; };
		C799DA5B1919D73F002E2F60 /* SessionViewController.m in Sources */ = {isa = PBXBuildFile; fileRef = C799DA5A1919D73F002E2F60 /* SessionViewController.m */; };
		C799DAA2191AF737002E2F60 /* FifthViewController.m in Sources */ = {isa = PBXBuildFile; fileRef = C799DAA1191AF737002E2F60 /* FifthViewController.m */; };
		C799DAA5191AF9DF002E2F60 /* TableViewCellMore.m in Sources */ = {isa = PBXBuildFile; fileRef = C799DAA4191AF9DF002E2F60 /* TableViewCellMore.m */; };
		C79E695B19359597001165BF /* splash640960.png in Resources */ = {isa = PBXBuildFile; fileRef = C79E695A19359597001165BF /* splash640960.png */; };
		C7A40440192C4EE200D4568C /* about.png in Resources */ = {isa = PBXBuildFile; fileRef = C7A4043E192C4EE200D4568C /* about.png */; };
		C7A40441192C4EE200D4568C /* speaker.png in Resources */ = {isa = PBXBuildFile; fileRef = C7A4043F192C4EE200D4568C /* speaker.png */; };
		C7A40443192C562B00D4568C /* jearlogo7Small.png in Resources */ = {isa = PBXBuildFile; fileRef = C7A40442192C562B00D4568C /* jearlogo7Small.png */; };
		C7A40445192D3FB000D4568C /* Mcallen.gif in Resources */ = {isa = PBXBuildFile; fileRef = C7A40444192D3FB000D4568C /* Mcallen.gif */; };
		C7D15B9B193F9D5C0065B56C /* scheduleNewImproved1.png in Resources */ = {isa = PBXBuildFile; fileRef = C7D15B9A193F9D5C0065B56C /* scheduleNewImproved1.png */; };
		C7D15B9D193F9EC90065B56C /* Jim Darling.jpg in Resources */ = {isa = PBXBuildFile; fileRef = C7D15B9C193F9EC90065B56C /* Jim Darling.jpg */; };
		C7D15BA0193FA2820065B56C /* About.m in Sources */ = {isa = PBXBuildFile; fileRef = C7D15B9F193FA2820065B56C /* About.m */; };
		C7EF3AD91901A730007F1F1C /* Foundation.framework in Frameworks */ = {isa = PBXBuildFile; fileRef = C7EF3AD81901A730007F1F1C /* Foundation.framework */; };
		C7EF3ADB1901A730007F1F1C /* CoreGraphics.framework in Frameworks */ = {isa = PBXBuildFile; fileRef = C7EF3ADA1901A730007F1F1C /* CoreGraphics.framework */; };
		C7EF3ADD1901A730007F1F1C /* UIKit.framework in Frameworks */ = {isa = PBXBuildFile; fileRef = C7EF3ADC1901A730007F1F1C /* UIKit.framework */; };
		C7EF3AE31901A730007F1F1C /* InfoPlist.strings in Resources */ = {isa = PBXBuildFile; fileRef = C7EF3AE11901A730007F1F1C /* InfoPlist.strings */; };
		C7EF3AE51901A730007F1F1C /* main.m in Sources */ = {isa = PBXBuildFile; fileRef = C7EF3AE41901A730007F1F1C /* main.m */; };
		C7EF3AE91901A730007F1F1C /* AppDelegate.m in Sources */ = {isa = PBXBuildFile; fileRef = C7EF3AE81901A730007F1F1C /* AppDelegate.m */; };
		C7EF3AEC1901A730007F1F1C /* Main.storyboard in Resources */ = {isa = PBXBuildFile; fileRef = C7EF3AEA1901A730007F1F1C /* Main.storyboard */; };
		C7EF3AEF1901A730007F1F1C /* FirstViewController.m in Sources */ = {isa = PBXBuildFile; fileRef = C7EF3AEE1901A730007F1F1C /* FirstViewController.m */; };
		C7EF3AF21901A730007F1F1C /* SecondViewController.m in Sources */ = {isa = PBXBuildFile; fileRef = C7EF3AF11901A730007F1F1C /* SecondViewController.m */; };
		C7EF3AF41901A730007F1F1C /* Images.xcassets in Resources */ = {isa = PBXBuildFile; fileRef = C7EF3AF31901A730007F1F1C /* Images.xcassets */; };
		C7EF3AFB1901A730007F1F1C /* XCTest.framework in Frameworks */ = {isa = PBXBuildFile; fileRef = C7EF3AFA1901A730007F1F1C /* XCTest.framework */; };
		C7EF3AFC1901A730007F1F1C /* Foundation.framework in Frameworks */ = {isa = PBXBuildFile; fileRef = C7EF3AD81901A730007F1F1C /* Foundation.framework */; };
		C7EF3AFD1901A730007F1F1C /* UIKit.framework in Frameworks */ = {isa = PBXBuildFile; fileRef = C7EF3ADC1901A730007F1F1C /* UIKit.framework */; };
		C7EF3B051901A730007F1F1C /* InfoPlist.strings in Resources */ = {isa = PBXBuildFile; fileRef = C7EF3B031901A730007F1F1C /* InfoPlist.strings */; };
		C7EF3B071901A730007F1F1C /* Texas_LyceumTests.m in Sources */ = {isa = PBXBuildFile; fileRef = C7EF3B061901A730007F1F1C /* Texas_LyceumTests.m */; };
		C7EF3B121901AAFC007F1F1C /* ThirdViewController.m in Sources */ = {isa = PBXBuildFile; fileRef = C7EF3B111901AAFC007F1F1C /* ThirdViewController.m */; };
		C7EF3B151901AC87007F1F1C /* FourthViewController.m in Sources */ = {isa = PBXBuildFile; fileRef = C7EF3B141901AC87007F1F1C /* FourthViewController.m */; };
/* End PBXBuildFile section */

/* Begin PBXContainerItemProxy section */
		C7EF3AFE1901A730007F1F1C /* PBXContainerItemProxy */ = {
			isa = PBXContainerItemProxy;
			containerPortal = C7EF3ACD1901A730007F1F1C /* Project object */;
			proxyType = 1;
			remoteGlobalIDString = C7EF3AD41901A730007F1F1C;
			remoteInfo = "Texas Lyceum";
		};
/* End PBXContainerItemProxy section */

/* Begin PBXFileReference section */
		2356E4FF194E7634009BE67A /* McAllen Logo.jpg */ = {isa = PBXFileReference; lastKnownFileType = image.jpeg; path = "McAllen Logo.jpg"; sourceTree = "<group>"; };
		2356E500194E7634009BE67A /* South-Padre-Island-logo1.jpg */ = {isa = PBXFileReference; lastKnownFileType = image.jpeg; path = "South-Padre-Island-logo1.jpg"; sourceTree = "<group>"; };
		2356E503194E7676009BE67A /* edinburg.jpg */ = {isa = PBXFileReference; lastKnownFileType = image.jpeg; path = edinburg.jpg; sourceTree = "<group>"; };
		2356E505194E7EDF009BE67A /* cityofedinburg-logo-final.jpg */ = {isa = PBXFileReference; lastKnownFileType = image.jpeg; path = "cityofedinburg-logo-final.jpg"; sourceTree = "<group>"; };
		6A678BC51951E16B0003B1C0 /* MessageUI.framework */ = {isa = PBXFileReference; lastKnownFileType = wrapper.framework; name = MessageUI.framework; path = System/Library/Frameworks/MessageUI.framework; sourceTree = SDKROOT; };
		6A678BC91951E2420003B1C0 /* emailIcon.png */ = {isa = PBXFileReference; lastKnownFileType = image.png; path = emailIcon.png; sourceTree = "<group>"; };
		6A678BCB1951E6E20003B1C0 /* splash6401136.png */ = {isa = PBXFileReference; lastKnownFileType = image.png; path = splash6401136.png; sourceTree = "<group>"; };
		C70623341909FB8400FC47F4 /* RGVimg.jpg */ = {isa = PBXFileReference; lastKnownFileType = image.jpeg; name = RGVimg.jpg; path = "Texas Lyceum/RGVimg.jpg"; sourceTree = "<group>"; };
		C7062336190A035B00FC47F4 /* TexasLyceum logo.jpg */ = {isa = PBXFileReference; lastKnownFileType = image.jpeg; name = "TexasLyceum logo.jpg"; path = "Texas Lyceum/TexasLyceum logo.jpg"; sourceTree = "<group>"; };
		C7062338190B1BE600FC47F4 /* schedule2.png */ = {isa = PBXFileReference; lastKnownFileType = image.png; path = schedule2.png; sourceTree = "<group>"; };
		C7062339190B1BE600FC47F4 /* schedule3.png */ = {isa = PBXFileReference; lastKnownFileType = image.png; path = schedule3.png; sourceTree = "<group>"; };
		C706233C190B666E00FC47F4 /* arrowItem.png */ = {isa = PBXFileReference; lastKnownFileType = image.png; path = arrowItem.png; sourceTree = "<group>"; };
		C706233D190B666E00FC47F4 /* scheduleItem1.png */ = {isa = PBXFileReference; lastKnownFileType = image.png; path = scheduleItem1.png; sourceTree = "<group>"; };
		C706233E190B666E00FC47F4 /* scheduleItem2.png */ = {isa = PBXFileReference; lastKnownFileType = image.png; path = scheduleItem2.png; sourceTree = "<group>"; };
		C706233F190B666E00FC47F4 /* scheduleItem3.png */ = {isa = PBXFileReference; lastKnownFileType = image.png; path = scheduleItem3.png; sourceTree = "<group>"; };
		C7062340190B666E00FC47F4 /* scheduleNew.png */ = {isa = PBXFileReference; lastKnownFileType = image.png; path = scheduleNew.png; sourceTree = "<group>"; };
		C71879FA19522C7D007950EF /* dr king screen.jpg */ = {isa = PBXFileReference; lastKnownFileType = image.jpeg; path = "dr king screen.jpg"; sourceTree = "<group>"; };
		C73FE66919574B6300F4C967 /* babysitter.png */ = {isa = PBXFileReference; lastKnownFileType = image.png; name = babysitter.png; path = "Texas Lyceum/babysitter.png"; sourceTree = "<group>"; };
		C73FE66C1957521E00F4C967 /* MissionChamberOfCommerce2.png */ = {isa = PBXFileReference; lastKnownFileType = image.png; name = MissionChamberOfCommerce2.png; path = "Texas Lyceum/MissionChamberOfCommerce2.png"; sourceTree = "<group>"; };
		C73FE66D1957521E00F4C967 /* pharr-logo.png */ = {isa = PBXFileReference; lastKnownFileType = image.png; name = "pharr-logo.png"; path = "Texas Lyceum/pharr-logo.png"; sourceTree = "<group>"; };
		C73FE6701957867A00F4C967 /* care-logo-tagline-transp-265.png */ = {isa = PBXFileReference; lastKnownFileType = image.png; name = "care-logo-tagline-transp-265.png"; path = "Texas Lyceum/care-logo-tagline-transp-265.png"; sourceTree = "<group>"; };
		C73FE6711957867A00F4C967 /* sitterCity.jpg */ = {isa = PBXFileReference; lastKnownFileType = image.jpeg; name = sitterCity.jpg; path = "Texas Lyceum/sitterCity.jpg"; sourceTree = "<group>"; };
		C73FE6741957D2E500F4C967 /* arrow-left.png */ = {isa = PBXFileReference; lastKnownFileType = image.png; name = "arrow-left.png"; path = "Texas Lyceum/arrow-left.png"; sourceTree = "<group>"; };
		C73FE6751957D2E500F4C967 /* arrow-right.png */ = {isa = PBXFileReference; lastKnownFileType = image.png; name = "arrow-right.png"; path = "Texas Lyceum/arrow-right.png"; sourceTree = "<group>"; };
		C73FE6761957D2E500F4C967 /* check-false.png */ = {isa = PBXFileReference; lastKnownFileType = image.png; name = "check-false.png"; path = "Texas Lyceum/check-false.png"; sourceTree = "<group>"; };
		C73FE6771957D2E500F4C967 /* home.png */ = {isa = PBXFileReference; lastKnownFileType = image.png; name = home.png; path = "Texas Lyceum/home.png"; sourceTree = "<group>"; };
		C73FE6781957D2E500F4C967 /* resend.png */ = {isa = PBXFileReference; lastKnownFileType = image.png; name = resend.png; path = "Texas Lyceum/resend.png"; sourceTree = "<group>"; };
		C73FE67E19587DAB00F4C967 /* planning-icon-large.png */ = {isa = PBXFileReference; lastKnownFileType = image.png; name = "planning-icon-large.png"; path = "Texas Lyceum/planning-icon-large.png"; sourceTree = "<group>"; };
		C73FE68019587E6800F4C967 /* contactIcon.png */ = {isa = PBXFileReference; lastKnownFileType = image.png; path = contactIcon.png; sourceTree = "<group>"; };
		C7525C65195E0233004DFE93 /* Texas Lyceum Logo New.jpg */ = {isa = PBXFileReference; lastKnownFileType = image.jpeg; name = "Texas Lyceum Logo New.jpg"; path = "Texas Lyceum/Texas Lyceum Logo New.jpg"; sourceTree = "<group>"; };
		C7525C671960EF67004DFE93 /* facebook-icon.png */ = {isa = PBXFileReference; lastKnownFileType = image.png; name = "facebook-icon.png"; path = "Texas Lyceum/facebook-icon.png"; sourceTree = "<group>"; };
		C7525C681960EF67004DFE93 /* twitter-logo-icon-by-jon-bennallick-02.png */ = {isa = PBXFileReference; lastKnownFileType = image.png; name = "twitter-logo-icon-by-jon-bennallick-02.png"; path = "Texas Lyceum/twitter-logo-icon-by-jon-bennallick-02.png"; sourceTree = "<group>"; };
		C752EB9C1957295400577F85 /* SpeakerTabBar.jpg */ = {isa = PBXFileReference; lastKnownFileType = image.jpeg; path = SpeakerTabBar.jpg; sourceTree = "<group>"; };
		C752EB9E195729C700577F85 /* man.png */ = {isa = PBXFileReference; lastKnownFileType = image.png; path = man.png; sourceTree = "<group>"; };
		C752EBA01957336300577F85 /* globeIcon.png */ = {isa = PBXFileReference; lastKnownFileType = image.png; path = globeIcon.png; sourceTree = "<group>"; };
		C76156FE195112FB00C5132D /* MunecaRanch.JPG */ = {isa = PBXFileReference; lastKnownFileType = image.jpeg; path = MunecaRanch.JPG; sourceTree = "<group>"; };
		C787BA7E1943DA6C00639A59 /* MapPin.h */ = {isa = PBXFileReference; fileEncoding = 4; lastKnownFileType = sourcecode.c.h; path = MapPin.h; sourceTree = "<group>"; };
		C787BA7F1943DA6C00639A59 /* MapPin.m */ = {isa = PBXFileReference; fileEncoding = 4; lastKnownFileType = sourcecode.c.objc; path = MapPin.m; sourceTree = "<group>"; };
		C789D63A1943AD3900C945CA /* MapKit.framework */ = {isa = PBXFileReference; lastKnownFileType = wrapper.framework; name = MapKit.framework; path = System/Library/Frameworks/MapKit.framework; sourceTree = SDKROOT; };
		C792D19D191B19BB0021C82C /* About.png */ = {isa = PBXFileReference; lastKnownFileType = image.png; name = About.png; path = "Texas Lyceum/About.png"; sourceTree = "<group>"; };
		C792D19E191B19BB0021C82C /* Speaker.jpg */ = {isa = PBXFileReference; lastKnownFileType = image.jpeg; name = Speaker.jpg; path = "Texas Lyceum/Speaker.jpg"; sourceTree = "<group>"; };
		C795C24A1946285300F07B8D /* CoreLocation.framework */ = {isa = PBXFileReference; lastKnownFileType = wrapper.framework; name = CoreLocation.framework; path = System/Library/Frameworks/CoreLocation.framework; sourceTree = SDKROOT; };
		C796F9B11906108F00C8820F /* schedule.png */ = {isa = PBXFileReference; lastKnownFileType = image.png; path = schedule.png; sourceTree = "<group>"; };
		C799DA4E1918A064002E2F60 /* Me Morp.jpg */ = {isa = PBXFileReference; lastKnownFileType = image.jpeg; path = "Me Morp.jpg"; sourceTree = "<group>"; };
		C799DA501918A2A2002E2F60 /* house@2x.png */ = {isa = PBXFileReference; lastKnownFileType = image.png; path = "house@2x.png"; sourceTree = "<group>"; };
		C799DA521918A35E002E2F60 /* globe@2x.png */ = {isa = PBXFileReference; lastKnownFileType = image.png; path = "globe@2x.png"; sourceTree = "<group>"; };
		C799DA541918A3D1002E2F60 /* calendar.png */ = {isa = PBXFileReference; lastKnownFileType = image.png; path = calendar.png; sourceTree = "<group>"; };
		C799DA561918A553002E2F60 /* briefcase.png */ = {isa = PBXFileReference; lastKnownFileType = image.png; path = briefcase.png; sourceTree = "<group>"; };
		C799DA591919D73F002E2F60 /* SessionViewController.h */ = {isa = PBXFileReference; fileEncoding = 4; lastKnownFileType = sourcecode.c.h; path = SessionViewController.h; sourceTree = "<group>"; };
		C799DA5A1919D73F002E2F60 /* SessionViewController.m */ = {isa = PBXFileReference; fileEncoding = 4; lastKnownFileType = sourcecode.c.objc; path = SessionViewController.m; sourceTree = "<group>"; };
		C799DAA0191AF737002E2F60 /* FifthViewController.h */ = {isa = PBXFileReference; fileEncoding = 4; lastKnownFileType = sourcecode.c.h; path = FifthViewController.h; sourceTree = "<group>"; };
		C799DAA1191AF737002E2F60 /* FifthViewController.m */ = {isa = PBXFileReference; fileEncoding = 4; lastKnownFileType = sourcecode.c.objc; path = FifthViewController.m; sourceTree = "<group>"; };
		C799DAA3191AF9DF002E2F60 /* TableViewCellMore.h */ = {isa = PBXFileReference; fileEncoding = 4; lastKnownFileType = sourcecode.c.h; path = TableViewCellMore.h; sourceTree = "<group>"; };
		C799DAA4191AF9DF002E2F60 /* TableViewCellMore.m */ = {isa = PBXFileReference; fileEncoding = 4; lastKnownFileType = sourcecode.c.objc; path = TableViewCellMore.m; sourceTree = "<group>"; };
		C79E695A19359597001165BF /* splash640960.png */ = {isa = PBXFileReference; lastKnownFileType = image.png; path = splash640960.png; sourceTree = "<group>"; };
		C7A4043E192C4EE200D4568C /* about.png */ = {isa = PBXFileReference; lastKnownFileType = image.png; path = about.png; sourceTree = "<group>"; };
		C7A4043F192C4EE200D4568C /* speaker.png */ = {isa = PBXFileReference; lastKnownFileType = image.png; path = speaker.png; sourceTree = "<group>"; };
		C7A40442192C562B00D4568C /* jearlogo7Small.png */ = {isa = PBXFileReference; lastKnownFileType = image.png; path = jearlogo7Small.png; sourceTree = "<group>"; };
		C7A40444192D3FB000D4568C /* Mcallen.gif */ = {isa = PBXFileReference; lastKnownFileType = image.gif; path = Mcallen.gif; sourceTree = "<group>"; };
		C7D15B9A193F9D5C0065B56C /* scheduleNewImproved1.png */ = {isa = PBXFileReference; lastKnownFileType = image.png; path = scheduleNewImproved1.png; sourceTree = "<group>"; };
		C7D15B9C193F9EC90065B56C /* Jim Darling.jpg */ = {isa = PBXFileReference; lastKnownFileType = image.jpeg; name = "Jim Darling.jpg"; path = "Texas Lyceum/Jim Darling.jpg"; sourceTree = "<group>"; };
		C7D15B9E193FA2820065B56C /* About.h */ = {isa = PBXFileReference; fileEncoding = 4; lastKnownFileType = sourcecode.c.h; path = About.h; sourceTree = "<group>"; };
		C7D15B9F193FA2820065B56C /* About.m */ = {isa = PBXFileReference; fileEncoding = 4; lastKnownFileType = sourcecode.c.objc; path = About.m; sourceTree = "<group>"; };
		C7EF3AD51901A730007F1F1C /* Texas Lyceum.app */ = {isa = PBXFileReference; explicitFileType = wrapper.application; includeInIndex = 0; path = "Texas Lyceum.app"; sourceTree = BUILT_PRODUCTS_DIR; };
		C7EF3AD81901A730007F1F1C /* Foundation.framework */ = {isa = PBXFileReference; lastKnownFileType = wrapper.framework; name = Foundation.framework; path = System/Library/Frameworks/Foundation.framework; sourceTree = SDKROOT; };
		C7EF3ADA1901A730007F1F1C /* CoreGraphics.framework */ = {isa = PBXFileReference; lastKnownFileType = wrapper.framework; name = CoreGraphics.framework; path = System/Library/Frameworks/CoreGraphics.framework; sourceTree = SDKROOT; };
		C7EF3ADC1901A730007F1F1C /* UIKit.framework */ = {isa = PBXFileReference; lastKnownFileType = wrapper.framework; name = UIKit.framework; path = System/Library/Frameworks/UIKit.framework; sourceTree = SDKROOT; };
		C7EF3AE01901A730007F1F1C /* Texas Lyceum-Info.plist */ = {isa = PBXFileReference; lastKnownFileType = text.plist.xml; path = "Texas Lyceum-Info.plist"; sourceTree = "<group>"; };
		C7EF3AE21901A730007F1F1C /* en */ = {isa = PBXFileReference; lastKnownFileType = text.plist.strings; name = en; path = en.lproj/InfoPlist.strings; sourceTree = "<group>"; };
		C7EF3AE41901A730007F1F1C /* main.m */ = {isa = PBXFileReference; lastKnownFileType = sourcecode.c.objc; path = main.m; sourceTree = "<group>"; };
		C7EF3AE61901A730007F1F1C /* Texas Lyceum-Prefix.pch */ = {isa = PBXFileReference; lastKnownFileType = sourcecode.c.h; path = "Texas Lyceum-Prefix.pch"; sourceTree = "<group>"; };
		C7EF3AE71901A730007F1F1C /* AppDelegate.h */ = {isa = PBXFileReference; lastKnownFileType = sourcecode.c.h; path = AppDelegate.h; sourceTree = "<group>"; };
		C7EF3AE81901A730007F1F1C /* AppDelegate.m */ = {isa = PBXFileReference; lastKnownFileType = sourcecode.c.objc; path = AppDelegate.m; sourceTree = "<group>"; };
		C7EF3AEB1901A730007F1F1C /* Base */ = {isa = PBXFileReference; lastKnownFileType = file.storyboard; name = Base; path = Base.lproj/Main.storyboard; sourceTree = "<group>"; };
		C7EF3AED1901A730007F1F1C /* FirstViewController.h */ = {isa = PBXFileReference; lastKnownFileType = sourcecode.c.h; path = FirstViewController.h; sourceTree = "<group>"; };
		C7EF3AEE1901A730007F1F1C /* FirstViewController.m */ = {isa = PBXFileReference; lastKnownFileType = sourcecode.c.objc; path = FirstViewController.m; sourceTree = "<group>"; };
		C7EF3AF01901A730007F1F1C /* SecondViewController.h */ = {isa = PBXFileReference; lastKnownFileType = sourcecode.c.h; path = SecondViewController.h; sourceTree = "<group>"; };
		C7EF3AF11901A730007F1F1C /* SecondViewController.m */ = {isa = PBXFileReference; lastKnownFileType = sourcecode.c.objc; path = SecondViewController.m; sourceTree = "<group>"; };
		C7EF3AF31901A730007F1F1C /* Images.xcassets */ = {isa = PBXFileReference; lastKnownFileType = folder.assetcatalog; path = Images.xcassets; sourceTree = "<group>"; };
		C7EF3AF91901A730007F1F1C /* Texas LyceumTests.xctest */ = {isa = PBXFileReference; explicitFileType = wrapper.cfbundle; includeInIndex = 0; path = "Texas LyceumTests.xctest"; sourceTree = BUILT_PRODUCTS_DIR; };
		C7EF3AFA1901A730007F1F1C /* XCTest.framework */ = {isa = PBXFileReference; lastKnownFileType = wrapper.framework; name = XCTest.framework; path = Library/Frameworks/XCTest.framework; sourceTree = DEVELOPER_DIR; };
		C7EF3B021901A730007F1F1C /* Texas LyceumTests-Info.plist */ = {isa = PBXFileReference; lastKnownFileType = text.plist.xml; path = "Texas LyceumTests-Info.plist"; sourceTree = "<group>"; };
		C7EF3B041901A730007F1F1C /* en */ = {isa = PBXFileReference; lastKnownFileType = text.plist.strings; name = en; path = en.lproj/InfoPlist.strings; sourceTree = "<group>"; };
		C7EF3B061901A730007F1F1C /* Texas_LyceumTests.m */ = {isa = PBXFileReference; lastKnownFileType = sourcecode.c.objc; path = Texas_LyceumTests.m; sourceTree = "<group>"; };
		C7EF3B101901AAFC007F1F1C /* ThirdViewController.h */ = {isa = PBXFileReference; fileEncoding = 4; lastKnownFileType = sourcecode.c.h; path = ThirdViewController.h; sourceTree = "<group>"; };
		C7EF3B111901AAFC007F1F1C /* ThirdViewController.m */ = {isa = PBXFileReference; fileEncoding = 4; lastKnownFileType = sourcecode.c.objc; path = ThirdViewController.m; sourceTree = "<group>"; };
		C7EF3B131901AC87007F1F1C /* FourthViewController.h */ = {isa = PBXFileReference; fileEncoding = 4; lastKnownFileType = sourcecode.c.h; path = FourthViewController.h; sourceTree = "<group>"; };
		C7EF3B141901AC87007F1F1C /* FourthViewController.m */ = {isa = PBXFileReference; fileEncoding = 4; lastKnownFileType = sourcecode.c.objc; path = FourthViewController.m; sourceTree = "<group>"; };
/* End PBXFileReference section */

/* Begin PBXFrameworksBuildPhase section */
		C7EF3AD21901A730007F1F1C /* Frameworks */ = {
			isa = PBXFrameworksBuildPhase;
			buildActionMask = 2147483647;
			files = (
				6A678BC61951E16B0003B1C0 /* MessageUI.framework in Frameworks */,
				C795C24B1946285300F07B8D /* CoreLocation.framework in Frameworks */,
				C789D63B1943AD3900C945CA /* MapKit.framework in Frameworks */,
				C7EF3ADB1901A730007F1F1C /* CoreGraphics.framework in Frameworks */,
				C7EF3ADD1901A730007F1F1C /* UIKit.framework in Frameworks */,
				C7EF3AD91901A730007F1F1C /* Foundation.framework in Frameworks */,
			);
			runOnlyForDeploymentPostprocessing = 0;
		};
		C7EF3AF61901A730007F1F1C /* Frameworks */ = {
			isa = PBXFrameworksBuildPhase;
			buildActionMask = 2147483647;
			files = (
				C7EF3AFB1901A730007F1F1C /* XCTest.framework in Frameworks */,
				C7EF3AFD1901A730007F1F1C /* UIKit.framework in Frameworks */,
				C7EF3AFC1901A730007F1F1C /* Foundation.framework in Frameworks */,
			);
			runOnlyForDeploymentPostprocessing = 0;
		};
/* End PBXFrameworksBuildPhase section */

/* Begin PBXGroup section */
		C73FE66B19574B6B00F4C967 /* Images */ = {
			isa = PBXGroup;
			children = (
				C7525C671960EF67004DFE93 /* facebook-icon.png */,
				C7525C681960EF67004DFE93 /* twitter-logo-icon-by-jon-bennallick-02.png */,
				C7525C65195E0233004DFE93 /* Texas Lyceum Logo New.jpg */,
				C73FE68019587E6800F4C967 /* contactIcon.png */,
				C73FE67E19587DAB00F4C967 /* planning-icon-large.png */,
				C73FE6741957D2E500F4C967 /* arrow-left.png */,
				C73FE6751957D2E500F4C967 /* arrow-right.png */,
				C73FE6761957D2E500F4C967 /* check-false.png */,
				C73FE6771957D2E500F4C967 /* home.png */,
				C73FE6781957D2E500F4C967 /* resend.png */,
				C73FE6701957867A00F4C967 /* care-logo-tagline-transp-265.png */,
				C73FE6711957867A00F4C967 /* sitterCity.jpg */,
				C73FE66C1957521E00F4C967 /* MissionChamberOfCommerce2.png */,
				C73FE66D1957521E00F4C967 /* pharr-logo.png */,
				C73FE66919574B6300F4C967 /* babysitter.png */,
				C752EBA01957336300577F85 /* globeIcon.png */,
				C752EB9E195729C700577F85 /* man.png */,
				C752EB9C1957295400577F85 /* SpeakerTabBar.jpg */,
				C71879FA19522C7D007950EF /* dr king screen.jpg */,
				6A678BCB1951E6E20003B1C0 /* splash6401136.png */,
				6A678BC91951E2420003B1C0 /* emailIcon.png */,
				C76156FE195112FB00C5132D /* MunecaRanch.JPG */,
				2356E505194E7EDF009BE67A /* cityofedinburg-logo-final.jpg */,
				2356E503194E7676009BE67A /* edinburg.jpg */,
				2356E4FF194E7634009BE67A /* McAllen Logo.jpg */,
				2356E500194E7634009BE67A /* South-Padre-Island-logo1.jpg */,
				C7D15B9C193F9EC90065B56C /* Jim Darling.jpg */,
				C7D15B9A193F9D5C0065B56C /* scheduleNewImproved1.png */,
				C79E695A19359597001165BF /* splash640960.png */,
				C7A40444192D3FB000D4568C /* Mcallen.gif */,
				C7A40442192C562B00D4568C /* jearlogo7Small.png */,
				C7A4043E192C4EE200D4568C /* about.png */,
				C7A4043F192C4EE200D4568C /* speaker.png */,
				C792D19D191B19BB0021C82C /* About.png */,
				C792D19E191B19BB0021C82C /* Speaker.jpg */,
				C799DA561918A553002E2F60 /* briefcase.png */,
				C799DA541918A3D1002E2F60 /* calendar.png */,
				C799DA521918A35E002E2F60 /* globe@2x.png */,
				C799DA501918A2A2002E2F60 /* house@2x.png */,
				C799DA4E1918A064002E2F60 /* Me Morp.jpg */,
				C706233C190B666E00FC47F4 /* arrowItem.png */,
				C706233D190B666E00FC47F4 /* scheduleItem1.png */,
				C706233E190B666E00FC47F4 /* scheduleItem2.png */,
				C706233F190B666E00FC47F4 /* scheduleItem3.png */,
				C7062340190B666E00FC47F4 /* scheduleNew.png */,
				C7062338190B1BE600FC47F4 /* schedule2.png */,
				C7062339190B1BE600FC47F4 /* schedule3.png */,
				C7062336190A035B00FC47F4 /* TexasLyceum logo.jpg */,
				C70623341909FB8400FC47F4 /* RGVimg.jpg */,
				C796F9B11906108F00C8820F /* schedule.png */,
			);
			name = Images;
			sourceTree = "<group>";
		};
		C7EF3ACC1901A730007F1F1C = {
			isa = PBXGroup;
			children = (
				C73FE66B19574B6B00F4C967 /* Images */,
				C7EF3ADE1901A730007F1F1C /* Texas Lyceum */,
				C7EF3B001901A730007F1F1C /* Texas LyceumTests */,
				C7EF3AD71901A730007F1F1C /* Frameworks */,
				C7EF3AD61901A730007F1F1C /* Products */,
			);
			sourceTree = "<group>";
		};
		C7EF3AD61901A730007F1F1C /* Products */ = {
			isa = PBXGroup;
			children = (
				C7EF3AD51901A730007F1F1C /* Texas Lyceum.app */,
				C7EF3AF91901A730007F1F1C /* Texas LyceumTests.xctest */,
			);
			name = Products;
			sourceTree = "<group>";
		};
		C7EF3AD71901A730007F1F1C /* Frameworks */ = {
			isa = PBXGroup;
			children = (
				6A678BC51951E16B0003B1C0 /* MessageUI.framework */,
				C795C24A1946285300F07B8D /* CoreLocation.framework */,
				C789D63A1943AD3900C945CA /* MapKit.framework */,
				C7EF3AD81901A730007F1F1C /* Foundation.framework */,
				C7EF3ADA1901A730007F1F1C /* CoreGraphics.framework */,
				C7EF3ADC1901A730007F1F1C /* UIKit.framework */,
				C7EF3AFA1901A730007F1F1C /* XCTest.framework */,
			);
			name = Frameworks;
			sourceTree = "<group>";
		};
		C7EF3ADE1901A730007F1F1C /* Texas Lyceum */ = {
			isa = PBXGroup;
			children = (
				C7EF3AE71901A730007F1F1C /* AppDelegate.h */,
				C7EF3AE81901A730007F1F1C /* AppDelegate.m */,
				C7EF3AEA1901A730007F1F1C /* Main.storyboard */,
				C7EF3AED1901A730007F1F1C /* FirstViewController.h */,
				C7EF3AEE1901A730007F1F1C /* FirstViewController.m */,
				C7EF3AF01901A730007F1F1C /* SecondViewController.h */,
				C7EF3AF11901A730007F1F1C /* SecondViewController.m */,
				C7EF3B101901AAFC007F1F1C /* ThirdViewController.h */,
				C7EF3B111901AAFC007F1F1C /* ThirdViewController.m */,
				C7EF3B131901AC87007F1F1C /* FourthViewController.h */,
				C7EF3B141901AC87007F1F1C /* FourthViewController.m */,
				C799DAA0191AF737002E2F60 /* FifthViewController.h */,
				C799DAA1191AF737002E2F60 /* FifthViewController.m */,
				C799DA591919D73F002E2F60 /* SessionViewController.h */,
				C799DA5A1919D73F002E2F60 /* SessionViewController.m */,
				C7D15B9E193FA2820065B56C /* About.h */,
				C7D15B9F193FA2820065B56C /* About.m */,
				C7EF3AF31901A730007F1F1C /* Images.xcassets */,
				C7EF3ADF1901A730007F1F1C /* Supporting Files */,
				C799DAA3191AF9DF002E2F60 /* TableViewCellMore.h */,
				C799DAA4191AF9DF002E2F60 /* TableViewCellMore.m */,
				C787BA7E1943DA6C00639A59 /* MapPin.h */,
				C787BA7F1943DA6C00639A59 /* MapPin.m */,
			);
			path = "Texas Lyceum";
			sourceTree = "<group>";
		};
		C7EF3ADF1901A730007F1F1C /* Supporting Files */ = {
			isa = PBXGroup;
			children = (
				C7EF3AE01901A730007F1F1C /* Texas Lyceum-Info.plist */,
				C7EF3AE11901A730007F1F1C /* InfoPlist.strings */,
				C7EF3AE41901A730007F1F1C /* main.m */,
				C7EF3AE61901A730007F1F1C /* Texas Lyceum-Prefix.pch */,
			);
			name = "Supporting Files";
			sourceTree = "<group>";
		};
		C7EF3B001901A730007F1F1C /* Texas LyceumTests */ = {
			isa = PBXGroup;
			children = (
				C7EF3B061901A730007F1F1C /* Texas_LyceumTests.m */,
				C7EF3B011901A730007F1F1C /* Supporting Files */,
			);
			path = "Texas LyceumTests";
			sourceTree = "<group>";
		};
		C7EF3B011901A730007F1F1C /* Supporting Files */ = {
			isa = PBXGroup;
			children = (
				C7EF3B021901A730007F1F1C /* Texas LyceumTests-Info.plist */,
				C7EF3B031901A730007F1F1C /* InfoPlist.strings */,
			);
			name = "Supporting Files";
			sourceTree = "<group>";
		};
/* End PBXGroup section */

/* Begin PBXNativeTarget section */
		C7EF3AD41901A730007F1F1C /* Texas Lyceum */ = {
			isa = PBXNativeTarget;
			buildConfigurationList = C7EF3B0A1901A730007F1F1C /* Build configuration list for PBXNativeTarget "Texas Lyceum" */;
			buildPhases = (
				C7EF3AD11901A730007F1F1C /* Sources */,
				C7EF3AD21901A730007F1F1C /* Frameworks */,
				C7EF3AD31901A730007F1F1C /* Resources */,
			);
			buildRules = (
			);
			dependencies = (
			);
			name = "Texas Lyceum";
			productName = "Texas Lyceum";
			productReference = C7EF3AD51901A730007F1F1C /* Texas Lyceum.app */;
			productType = "com.apple.product-type.application";
		};
		C7EF3AF81901A730007F1F1C /* Texas LyceumTests */ = {
			isa = PBXNativeTarget;
			buildConfigurationList = C7EF3B0D1901A730007F1F1C /* Build configuration list for PBXNativeTarget "Texas LyceumTests" */;
			buildPhases = (
				C7EF3AF51901A730007F1F1C /* Sources */,
				C7EF3AF61901A730007F1F1C /* Frameworks */,
				C7EF3AF71901A730007F1F1C /* Resources */,
			);
			buildRules = (
			);
			dependencies = (
				C7EF3AFF1901A730007F1F1C /* PBXTargetDependency */,
			);
			name = "Texas LyceumTests";
			productName = "Texas LyceumTests";
			productReference = C7EF3AF91901A730007F1F1C /* Texas LyceumTests.xctest */;
			productType = "com.apple.product-type.bundle.unit-test";
		};
/* End PBXNativeTarget section */

/* Begin PBXProject section */
		C7EF3ACD1901A730007F1F1C /* Project object */ = {
			isa = PBXProject;
			attributes = {
				LastUpgradeCheck = 0510;
				ORGANIZATIONNAME = "Julian Emilio Alvarez Restrepo";
				TargetAttributes = {
					C7EF3AD41901A730007F1F1C = {
						DevelopmentTeam = FHDDD45846;
					};
					C7EF3AF81901A730007F1F1C = {
						TestTargetID = C7EF3AD41901A730007F1F1C;
					};
				};
			};
			buildConfigurationList = C7EF3AD01901A730007F1F1C /* Build configuration list for PBXProject "Texas Lyceum" */;
			compatibilityVersion = "Xcode 3.2";
			developmentRegion = English;
			hasScannedForEncodings = 0;
			knownRegions = (
				en,
				Base,
			);
			mainGroup = C7EF3ACC1901A730007F1F1C;
			productRefGroup = C7EF3AD61901A730007F1F1C /* Products */;
			projectDirPath = "";
			projectRoot = "";
			targets = (
				C7EF3AD41901A730007F1F1C /* Texas Lyceum */,
				C7EF3AF81901A730007F1F1C /* Texas LyceumTests */,
			);
		};
/* End PBXProject section */

/* Begin PBXResourcesBuildPhase section */
		C7EF3AD31901A730007F1F1C /* Resources */ = {
			isa = PBXResourcesBuildPhase;
			buildActionMask = 2147483647;
			files = (
				C706233B190B1BE600FC47F4 /* schedule3.png in Resources */,
				C70623351909FB8400FC47F4 /* RGVimg.jpg in Resources */,
				C73FE66A19574B6300F4C967 /* babysitter.png in Resources */,
				6A678BCC1951E6E20003B1C0 /* splash6401136.png in Resources */,
				C799DA571918A553002E2F60 /* briefcase.png in Resources */,
				C76156FF195112FB00C5132D /* MunecaRanch.JPG in Resources */,
				C7D15B9D193F9EC90065B56C /* Jim Darling.jpg in Resources */,
				C7525C6A1960EF67004DFE93 /* twitter-logo-icon-by-jon-bennallick-02.png in Resources */,
				C792D19F191B19BB0021C82C /* About.png in Resources */,
				C7525C691960EF67004DFE93 /* facebook-icon.png in Resources */,
				C73FE67A1957D2E500F4C967 /* arrow-right.png in Resources */,
				C73FE66F1957521E00F4C967 /* pharr-logo.png in Resources */,
				C73FE6731957867A00F4C967 /* sitterCity.jpg in Resources */,
				C752EB9D1957295400577F85 /* SpeakerTabBar.jpg in Resources */,
				2356E506194E7EDF009BE67A /* cityofedinburg-logo-final.jpg in Resources */,
				C73FE68119587E6800F4C967 /* contactIcon.png in Resources */,
				C799DA531918A35E002E2F60 /* globe@2x.png in Resources */,
				C73FE67D1957D2E500F4C967 /* resend.png in Resources */,
				C792D1A0191B19BB0021C82C /* Speaker.jpg in Resources */,
				C71879FB19522C7D007950EF /* dr king screen.jpg in Resources */,
				C796F9B21906108F00C8820F /* schedule.png in Resources */,
				C7525C66195E0233004DFE93 /* Texas Lyceum Logo New.jpg in Resources */,
				2356E502194E7634009BE67A /* South-Padre-Island-logo1.jpg in Resources */,
				C752EBA11957336300577F85 /* globeIcon.png in Resources */,
				6A678BCA1951E2420003B1C0 /* emailIcon.png in Resources */,
				C7D15B9B193F9D5C0065B56C /* scheduleNewImproved1.png in Resources */,
				C7062344190B666E00FC47F4 /* scheduleItem3.png in Resources */,
				C7EF3AF41901A730007F1F1C /* Images.xcassets in Resources */,
				C799DA551918A3D1002E2F60 /* calendar.png in Resources */,
				2356E501194E7634009BE67A /* McAllen Logo.jpg in Resources */,
				C73FE6791957D2E500F4C967 /* arrow-left.png in Resources */,
				C73FE66E1957521E00F4C967 /* MissionChamberOfCommerce2.png in Resources */,
				C706233A190B1BE600FC47F4 /* schedule2.png in Resources */,
				C7EF3AE31901A730007F1F1C /* InfoPlist.strings in Resources */,
				C73FE67C1957D2E500F4C967 /* home.png in Resources */,
				C7062345190B666E00FC47F4 /* scheduleNew.png in Resources */,
				C7062341190B666E00FC47F4 /* arrowItem.png in Resources */,
				C7062337190A035B00FC47F4 /* TexasLyceum logo.jpg in Resources */,
				C7062343190B666E00FC47F4 /* scheduleItem2.png in Resources */,
				C73FE67F19587DAB00F4C967 /* planning-icon-large.png in Resources */,
				C73FE6721957867A00F4C967 /* care-logo-tagline-transp-265.png in Resources */,
				C752EB9F195729C700577F85 /* man.png in Resources */,
				C7EF3AEC1901A730007F1F1C /* Main.storyboard in Resources */,
				2356E504194E7676009BE67A /* edinburg.jpg in Resources */,
				C799DA511918A2A2002E2F60 /* house@2x.png in Resources */,
				C799DA4F1918A064002E2F60 /* Me Morp.jpg in Resources */,
				C7A40445192D3FB000D4568C /* Mcallen.gif in Resources */,
				C73FE67B1957D2E500F4C967 /* check-false.png in Resources */,
				C7062342190B666E00FC47F4 /* scheduleItem1.png in Resources */,
				C7A40440192C4EE200D4568C /* about.png in Resources */,
				C7A40441192C4EE200D4568C /* speaker.png in Resources */,
				C79E695B19359597001165BF /* splash640960.png in Resources */,
				C7A40443192C562B00D4568C /* jearlogo7Small.png in Resources */,
			);
			runOnlyForDeploymentPostprocessing = 0;
		};
		C7EF3AF71901A730007F1F1C /* Resources */ = {
			isa = PBXResourcesBuildPhase;
			buildActionMask = 2147483647;
			files = (
				C7EF3B051901A730007F1F1C /* InfoPlist.strings in Resources */,
			);
			runOnlyForDeploymentPostprocessing = 0;
		};
/* End PBXResourcesBuildPhase section */

/* Begin PBXSourcesBuildPhase section */
		C7EF3AD11901A730007F1F1C /* Sources */ = {
			isa = PBXSourcesBuildPhase;
			buildActionMask = 2147483647;
			files = (
				C799DAA2191AF737002E2F60 /* FifthViewController.m in Sources */,
				C7EF3B151901AC87007F1F1C /* FourthViewController.m in Sources */,
				C7EF3AF21901A730007F1F1C /* SecondViewController.m in Sources */,
				C787BA801943DA6C00639A59 /* MapPin.m in Sources */,
				C7EF3B121901AAFC007F1F1C /* ThirdViewController.m in Sources */,
				C7EF3AE91901A730007F1F1C /* AppDelegate.m in Sources */,
				C799DAA5191AF9DF002E2F60 /* TableViewCellMore.m in Sources */,
				C799DA5B1919D73F002E2F60 /* SessionViewController.m in Sources */,
				C7D15BA0193FA2820065B56C /* About.m in Sources */,
				C7EF3AEF1901A730007F1F1C /* FirstViewController.m in Sources */,
				C7EF3AE51901A730007F1F1C /* main.m in Sources */,
			);
			runOnlyForDeploymentPostprocessing = 0;
		};
		C7EF3AF51901A730007F1F1C /* Sources */ = {
			isa = PBXSourcesBuildPhase;
			buildActionMask = 2147483647;
			files = (
				C7EF3B071901A730007F1F1C /* Texas_LyceumTests.m in Sources */,
			);
			runOnlyForDeploymentPostprocessing = 0;
		};
/* End PBXSourcesBuildPhase section */

/* Begin PBXTargetDependency section */
		C7EF3AFF1901A730007F1F1C /* PBXTargetDependency */ = {
			isa = PBXTargetDependency;
			target = C7EF3AD41901A730007F1F1C /* Texas Lyceum */;
			targetProxy = C7EF3AFE1901A730007F1F1C /* PBXContainerItemProxy */;
		};
/* End PBXTargetDependency section */

/* Begin PBXVariantGroup section */
		C7EF3AE11901A730007F1F1C /* InfoPlist.strings */ = {
			isa = PBXVariantGroup;
			children = (
				C7EF3AE21901A730007F1F1C /* en */,
			);
			name = InfoPlist.strings;
			sourceTree = "<group>";
		};
		C7EF3AEA1901A730007F1F1C /* Main.storyboard */ = {
			isa = PBXVariantGroup;
			children = (
				C7EF3AEB1901A730007F1F1C /* Base */,
			);
			name = Main.storyboard;
			sourceTree = "<group>";
		};
		C7EF3B031901A730007F1F1C /* InfoPlist.strings */ = {
			isa = PBXVariantGroup;
			children = (
				C7EF3B041901A730007F1F1C /* en */,
			);
			name = InfoPlist.strings;
			sourceTree = "<group>";
		};
/* End PBXVariantGroup section */

/* Begin XCBuildConfiguration section */
		C7EF3B081901A730007F1F1C /* Debug */ = {
			isa = XCBuildConfiguration;
			buildSettings = {
				ALWAYS_SEARCH_USER_PATHS = NO;
				CLANG_CXX_LANGUAGE_STANDARD = "gnu++0x";
				CLANG_CXX_LIBRARY = "libc++";
				CLANG_ENABLE_MODULES = YES;
				CLANG_ENABLE_OBJC_ARC = YES;
				CLANG_WARN_BOOL_CONVERSION = YES;
				CLANG_WARN_CONSTANT_CONVERSION = YES;
				CLANG_WARN_DIRECT_OBJC_ISA_USAGE = YES_ERROR;
				CLANG_WARN_EMPTY_BODY = YES;
				CLANG_WARN_ENUM_CONVERSION = YES;
				CLANG_WARN_INT_CONVERSION = YES;
				CLANG_WARN_OBJC_ROOT_CLASS = YES_ERROR;
				CLANG_WARN__DUPLICATE_METHOD_MATCH = YES;
				"CODE_SIGN_IDENTITY[sdk=iphoneos*]" = "iPhone Developer";
				COPY_PHASE_STRIP = NO;
				GCC_C_LANGUAGE_STANDARD = gnu99;
				GCC_DYNAMIC_NO_PIC = NO;
				GCC_OPTIMIZATION_LEVEL = 0;
				GCC_PREPROCESSOR_DEFINITIONS = (
					"DEBUG=1",
					"$(inherited)",
				);
				GCC_SYMBOLS_PRIVATE_EXTERN = NO;
				GCC_WARN_64_TO_32_BIT_CONVERSION = YES;
				GCC_WARN_ABOUT_RETURN_TYPE = YES_ERROR;
				GCC_WARN_UNDECLARED_SELECTOR = YES;
				GCC_WARN_UNINITIALIZED_AUTOS = YES_AGGRESSIVE;
				GCC_WARN_UNUSED_FUNCTION = YES;
				GCC_WARN_UNUSED_VARIABLE = YES;
				IPHONEOS_DEPLOYMENT_TARGET = 7.1;
				ONLY_ACTIVE_ARCH = YES;
				SDKROOT = iphoneos;
			};
			name = Debug;
		};
		C7EF3B091901A730007F1F1C /* Release */ = {
			isa = XCBuildConfiguration;
			buildSettings = {
				ALWAYS_SEARCH_USER_PATHS = NO;
				CLANG_CXX_LANGUAGE_STANDARD = "gnu++0x";
				CLANG_CXX_LIBRARY = "libc++";
				CLANG_ENABLE_MODULES = YES;
				CLANG_ENABLE_OBJC_ARC = YES;
				CLANG_WARN_BOOL_CONVERSION = YES;
				CLANG_WARN_CONSTANT_CONVERSION = YES;
				CLANG_WARN_DIRECT_OBJC_ISA_USAGE = YES_ERROR;
				CLANG_WARN_EMPTY_BODY = YES;
				CLANG_WARN_ENUM_CONVERSION = YES;
				CLANG_WARN_INT_CONVERSION = YES;
				CLANG_WARN_OBJC_ROOT_CLASS = YES_ERROR;
				CLANG_WARN__DUPLICATE_METHOD_MATCH = YES;
				"CODE_SIGN_IDENTITY[sdk=iphoneos*]" = "iPhone Developer";
				COPY_PHASE_STRIP = YES;
				ENABLE_NS_ASSERTIONS = NO;
				GCC_C_LANGUAGE_STANDARD = gnu99;
				GCC_WARN_64_TO_32_BIT_CONVERSION = YES;
				GCC_WARN_ABOUT_RETURN_TYPE = YES_ERROR;
				GCC_WARN_UNDECLARED_SELECTOR = YES;
				GCC_WARN_UNINITIALIZED_AUTOS = YES_AGGRESSIVE;
				GCC_WARN_UNUSED_FUNCTION = YES;
				GCC_WARN_UNUSED_VARIABLE = YES;
				IPHONEOS_DEPLOYMENT_TARGET = 7.1;
				SDKROOT = iphoneos;
				VALIDATE_PRODUCT = YES;
			};
			name = Release;
		};
		C7EF3B0B1901A730007F1F1C /* Debug */ = {
			isa = XCBuildConfiguration;
			buildSettings = {
				ASSETCATALOG_COMPILER_APPICON_NAME = AppIcon;
				ASSETCATALOG_COMPILER_LAUNCHIMAGE_NAME = LaunchImage;
				CODE_SIGN_IDENTITY = "iPhone Developer";
				"CODE_SIGN_IDENTITY[sdk=iphoneos*]" = "iPhone Developer";
				GCC_PRECOMPILE_PREFIX_HEADER = YES;
				GCC_PREFIX_HEADER = "Texas Lyceum/Texas Lyceum-Prefix.pch";
				INFOPLIST_FILE = "Texas Lyceum/Texas Lyceum-Info.plist";
				IPHONEOS_DEPLOYMENT_TARGET = 7.0;
				PRODUCT_NAME = "$(TARGET_NAME)";
				PROVISIONING_PROFILE = "";
				WRAPPER_EXTENSION = app;
			};
			name = Debug;
		};
		C7EF3B0C1901A730007F1F1C /* Release */ = {
			isa = XCBuildConfiguration;
			buildSettings = {
				ASSETCATALOG_COMPILER_APPICON_NAME = AppIcon;
				ASSETCATALOG_COMPILER_LAUNCHIMAGE_NAME = LaunchImage;
				CODE_SIGN_IDENTITY = "iPhone Developer";
				"CODE_SIGN_IDENTITY[sdk=iphoneos*]" = "iPhone Developer";
				GCC_PRECOMPILE_PREFIX_HEADER = YES;
				GCC_PREFIX_HEADER = "Texas Lyceum/Texas Lyceum-Prefix.pch";
				INFOPLIST_FILE = "Texas Lyceum/Texas Lyceum-Info.plist";
				IPHONEOS_DEPLOYMENT_TARGET = 7.0;
				PRODUCT_NAME = "$(TARGET_NAME)";
				PROVISIONING_PROFILE = "";
				WRAPPER_EXTENSION = app;
			};
			name = Release;
		};
		C7EF3B0E1901A730007F1F1C /* Debug */ = {
			isa = XCBuildConfiguration;
			buildSettings = {
				BUNDLE_LOADER = "$(BUILT_PRODUCTS_DIR)/Texas Lyceum.app/Texas Lyceum";
				FRAMEWORK_SEARCH_PATHS = (
					"$(SDKROOT)/Developer/Library/Frameworks",
					"$(inherited)",
					"$(DEVELOPER_FRAMEWORKS_DIR)",
				);
				GCC_PRECOMPILE_PREFIX_HEADER = YES;
				GCC_PREFIX_HEADER = "Texas Lyceum/Texas Lyceum-Prefix.pch";
				GCC_PREPROCESSOR_DEFINITIONS = (
					"DEBUG=1",
					"$(inherited)",
				);
				INFOPLIST_FILE = "Texas LyceumTests/Texas LyceumTests-Info.plist";
				PRODUCT_NAME = "$(TARGET_NAME)";
				TEST_HOST = "$(BUNDLE_LOADER)";
				WRAPPER_EXTENSION = xctest;
			};
			name = Debug;
		};
		C7EF3B0F1901A730007F1F1C /* Release */ = {
			isa = XCBuildConfiguration;
			buildSettings = {
				BUNDLE_LOADER = "$(BUILT_PRODUCTS_DIR)/Texas Lyceum.app/Texas Lyceum";
				FRAMEWORK_SEARCH_PATHS = (
					"$(SDKROOT)/Developer/Library/Frameworks",
					"$(inherited)",
					"$(DEVELOPER_FRAMEWORKS_DIR)",
				);
				GCC_PRECOMPILE_PREFIX_HEADER = YES;
				GCC_PREFIX_HEADER = "Texas Lyceum/Texas Lyceum-Prefix.pch";
				INFOPLIST_FILE = "Texas LyceumTests/Texas LyceumTests-Info.plist";
				PRODUCT_NAME = "$(TARGET_NAME)";
				TEST_HOST = "$(BUNDLE_LOADER)";
				WRAPPER_EXTENSION = xctest;
			};
			name = Release;
		};
/* End XCBuildConfiguration section */

/* Begin XCConfigurationList section */
		C7EF3AD01901A730007F1F1C /* Build configuration list for PBXProject "Texas Lyceum" */ = {
			isa = XCConfigurationList;
			buildConfigurations = (
				C7EF3B081901A730007F1F1C /* Debug */,
				C7EF3B091901A730007F1F1C /* Release */,
			);
			defaultConfigurationIsVisible = 0;
			defaultConfigurationName = Release;
		};
		C7EF3B0A1901A730007F1F1C /* Build configuration list for PBXNativeTarget "Texas Lyceum" */ = {
			isa = XCConfigurationList;
			buildConfigurations = (
				C7EF3B0B1901A730007F1F1C /* Debug */,
				C7EF3B0C1901A730007F1F1C /* Release */,
			);
			defaultConfigurationIsVisible = 0;
			defaultConfigurationName = Release;
		};
		C7EF3B0D1901A730007F1F1C /* Build configuration list for PBXNativeTarget "Texas LyceumTests" */ = {
			isa = XCConfigurationList;
			buildConfigurations = (
				C7EF3B0E1901A730007F1F1C /* Debug */,
				C7EF3B0F1901A730007F1F1C /* Release */,
			);
			defaultConfigurationIsVisible = 0;
			defaultConfigurationName = Release;
		};
/* End XCConfigurationList section */
	};
	rootObject = C7EF3ACD1901A730007F1F1C /* Project object */;
}
